{
  "requires": true,
  "lockfileVersion": 1,
  "dependencies": {
    "nan": {
      "version": "2.14.0",
      "resolved": "https://registry.npmjs.org/nan/-/nan-2.14.0.tgz",
      "integrity": "sha512-INOFj37C7k3AfaNTtX8RhsTw7qRy7eLET14cROi9+5HAVbbHuIWUHEauBv5qT4Av2tWasiTY1Jw6puUNqRJXQg=="
    },
    "rpi-ws281x": {
      "version": "1.0.29",
      "resolved": "https://registry.npmjs.org/rpi-ws281x/-/rpi-ws281x-1.0.29.tgz",
      "integrity": "sha512-4eSC0yP3DcgQFETxZ0ZagMeKHpTwUQTMDswICKtDa4f87ypCS7aXg+iib9Ua4veSK1/KO2l7CjpPw0ICGQu9pQ==",
      "requires": {
        "nan": "^2.14.0"
      }
    }
  }
}
